Microsoft Visual Studio Solution File, Format Version 11.00
# Visual Studio 2008

Project("{3FA3B4D0-8D46-FF09-C816-E95731D9D688}") = "CE318_Davey_Part1", "Assembly-CSharp.csproj", "{FCD1383D-C4E2-A64A-AE24-CE9C08D2D2DF}"
EndProject
Global
	GlobalSection(SolutionConfigurationPlatforms) = preSolution
		Debug|Any CPU = Debug|Any CPU
		Release|Any CPU = Release|Any CPU
	EndGlobalSection
	GlobalSection(ProjectConfigurationPlatforms) = postSolution
		{FCD1383D-C4E2-A64A-AE24-CE9C08D2D2DF}.Debug|Any CPU.ActiveCfg = Debug|Any CPU
		{FCD1383D-C4E2-A64A-AE24-CE9C08D2D2DF}.Debug|Any CPU.Build.0 = Debug|Any CPU
		{FCD1383D-C4E2-A64A-AE24-CE9C08D2D2DF}.Release|Any CPU.ActiveCfg = Release|Any CPU
		{FCD1383D-C4E2-A64A-AE24-CE9C08D2D2DF}.Release|Any CPU.Build.0 = Release|Any CPU
	EndGlobalSection
	GlobalSection(SolutionProperties) = preSolution
		HideSolutionNode = FALSE
	EndGlobalSection
					GlobalSection(MonoDevelopProperties) = preSolution
		StartupItem = Assembly-CSharp.csproj
		Policies = $0
		$0.TextStylePolicy = $1
		$1.inheritsSet = null
		$1.scope = text/x-csharp
		$0.CSharpFormattingPolicy = $2
		$2.inheritsSet = Mono
		$2.inheritsScope = text/x-csharp
		$2.scope = text/x-csharp
		$0.TextStylePolicy = $3
		$3.FileWidth = 120
		$3.TabWidth = 4
		$3.IndentWidth = 4
		$3.EolMarker = Unix
		$3.inheritsSet = Mono
		$3.inheritsScope = text/plain
		$3.scope = text/plain
	EndGlobalSection

EndGlobal
